
Microsoft Visual Studio Solution File, Format Version 12.00
# Visual Studio 14
VisualStudioVersion = 14.0.23107.0
MinimumVisualStudioVersion = 10.0.40219.1
Project("{FAE04EC0-301F-11D3-BF4B-00C04F79EFBC}") = "TestStoragePerformance", "Tests\StoragePerformanceTests\TestStoragePerformance.csproj", "{8B589878-B3B7-4C47-8AAF-A3369545ABCC}"
EndProject
Project("{FAE04EC0-301F-11D3-BF4B-00C04F79EFBC}") = "LowLevelDesign.Diagnostics.Castle", "LowLevelDesign.Diagnostics.Castle\LowLevelDesign.Diagnostics.Castle.csproj", "{885ABF87-B86B-436D-A787-66CDA246D211}"
EndProject
Project("{FAE04EC0-301F-11D3-BF4B-00C04F79EFBC}") = "LowLevelDesign.Diagnostics.Commons", "LowLevelDesign.Diagnostics.Commons\LowLevelDesign.Diagnostics.Commons.csproj", "{EEBC3248-E9C6-4BC3-B46F-BDA8909A190C}"
EndProject
Project("{FAE04EC0-301F-11D3-BF4B-00C04F79EFBC}") = "LowLevelDesign.Diagnostics.LogStore.LuceneNet", "LogStores\LowLevelDesign.Diagnostics.LogStore.LuceneNet\LowLevelDesign.Diagnostics.LogStore.LuceneNet.csproj", "{A1A7454D-6114-4340-819F-416E0D696DDE}"
EndProject
Project("{FAE04EC0-301F-11D3-BF4B-00C04F79EFBC}") = "TestJsonSerialization", "Tests\TestJsonSerialization\TestJsonSerialization.csproj", "{7AE07CCC-A566-454E-B9BC-DFF3C61EA8BD}"
EndProject
Project("{2150E333-8FDC-42A3-9474-1A3956D46DE8}") = "Harvesters", "Harvesters", "{64769AE2-3D05-4035-9A3B-AB96EAB0B1CC}"
EndProject
Project("{FAE04EC0-301F-11D3-BF4B-00C04F79EFBC}") = "LowLevelDesign.Diagnostics.Harvester.NLog", "Harvesters\LowLevelDesign.Diagnostics.Harvester.NLog\LowLevelDesign.Diagnostics.Harvester.NLog.csproj", "{6F1489DB-0876-4278-ADD2-65086DB6F60A}"
EndProject
Project("{2150E333-8FDC-42A3-9474-1A3956D46DE8}") = "Examples", "Examples", "{1FD68A99-5CF6-4CEE-9E5C-E135AC362D25}"
EndProject
Project("{FAE04EC0-301F-11D3-BF4B-00C04F79EFBC}") = "ExampleWebApp", "Examples\ExampleWebApp\ExampleWebApp.csproj", "{F24B1FEF-B1C3-4036-A131-DB977D4B5E33}"
EndProject
Project("{FAE04EC0-301F-11D3-BF4B-00C04F79EFBC}") = "ExampleConsoleApp", "Examples\ExampleConsoleApp\ExampleConsoleApp.csproj", "{45BF1E31-A3FA-45A5-A464-61707268A110}"
EndProject
Project("{FAE04EC0-301F-11D3-BF4B-00C04F79EFBC}") = "LowLevelDesign.Diagnostics.Harvester.AspNet", "Harvesters\LowLevelDesign.Diagnostics.Harvester.AspNet\LowLevelDesign.Diagnostics.Harvester.AspNet.csproj", "{2C011C05-DA4B-4745-A95A-44447530DAF5}"
EndProject
Project("{FAE04EC0-301F-11D3-BF4B-00C04F79EFBC}") = "LowLevelDesign.Diagnostics.Harvester.AspNet.Mvc", "Harvesters\LowLevelDesign.Diagnostics.Harvester.AspNet.Mvc\LowLevelDesign.Diagnostics.Harvester.AspNet.Mvc.csproj", "{A0FF35E0-3969-416D-906A-ACBD94E09A91}"
EndProject
Project("{FAE04EC0-301F-11D3-BF4B-00C04F79EFBC}") = "LowLevelDesign.Diagnostics.Harvester.AspNet.WebAPI", "Harvesters\LowLevelDesign.Diagnostics.Harvester.AspNet.WebAPI\LowLevelDesign.Diagnostics.Harvester.AspNet.WebAPI.csproj", "{AF58DE18-7397-44E2-9F1B-544E5A055439}"
EndProject
Project("{FAE04EC0-301F-11D3-BF4B-00C04F79EFBC}") = "LowLevelDesign.Diagnostics.Harvester.log4net", "Harvesters\LowLevelDesign.Diagnostics.Harvester.log4net\LowLevelDesign.Diagnostics.Harvester.log4net.csproj", "{301050C2-E774-4D78-96B7-5E712A3F6CF8}"
EndProject
Project("{2150E333-8FDC-42A3-9474-1A3956D46DE8}") = "LogStores", "LogStores", "{AF9A1B53-7BA4-4E9B-8ADF-20432D751F20}"
EndProject
Project("{2150E333-8FDC-42A3-9474-1A3956D46DE8}") = "Tests", "Tests", "{3F8A9C23-D49F-41DC-A935-F2898E13707B}"
EndProject
Project("{FAE04EC0-301F-11D3-BF4B-00C04F79EFBC}") = "LowLevelDesign.Diagnostics.Harvester.SystemDiagnostics", "Harvesters\LowLevelDesign.Diagnostics.Harvester.SystemDiagnostics\LowLevelDesign.Diagnostics.Harvester.SystemDiagnostics.csproj", "{CFCDFB73-6B60-47E8-8DD1-FA1A0597ED0E}"
EndProject
Project("{FAE04EC0-301F-11D3-BF4B-00C04F79EFBC}") = "TestLuceneNetAnalysis", "Tests\TestLuceneNetAnalysis\TestLuceneNetAnalysis.csproj", "{91C9B75A-C51A-4EFE-B0AA-AD22F95EEDCE}"
EndProject
Project("{FAE04EC0-301F-11D3-BF4B-00C04F79EFBC}") = "LowLevelDesign.Diagnostics.Castle.Tests", "Tests\LowLevelDesign.Diagnostics.Castle.Tests\LowLevelDesign.Diagnostics.Castle.Tests.csproj", "{F68F72F7-D341-4252-BBBF-A2FB31FA0DB6}"
EndProject
Project("{FAE04EC0-301F-11D3-BF4B-00C04F79EFBC}") = "TestLogReceptionPerformance", "Tests\TestLogReceptionPerformance\TestLogReceptionPerformance.csproj", "{2F328F9B-9540-4B42-9FA6-4FE59AF328FA}"
EndProject
Project("{FAE04EC0-301F-11D3-BF4B-00C04F79EFBC}") = "LowLevelDesign.Diagnostics.LogStore.MySql", "LogStores\LowLevelDesign.Diagnostics.LogStore.MySql\LowLevelDesign.Diagnostics.LogStore.MySql.csproj", "{8E8EEEAF-B485-488D-9979-F4FCC6800FA2}"
EndProject
Project("{FAE04EC0-301F-11D3-BF4B-00C04F79EFBC}") = "LowLevelDesign.Diagnostics.LogStore.MySql.Tests", "Tests\LowLevelDesign.Diagnostics.LogStore.MySql.Tests\LowLevelDesign.Diagnostics.LogStore.MySql.Tests.csproj", "{B36818A4-DD67-442F-A470-FE98E40FA584}"
EndProject
Project("{FAE04EC0-301F-11D3-BF4B-00C04F79EFBC}") = "LowLevelDesign.Diagnostics.LogStore.Defaults", "LogStores\LowLevelDesign.Diagnostics.LogStore.Defaults\LowLevelDesign.Diagnostics.LogStore.Defaults.csproj", "{3413A67B-0152-419B-8959-73E67732FD97}"
EndProject
Project("{FAE04EC0-301F-11D3-BF4B-00C04F79EFBC}") = "LowLevelDesign.Diagnostics.LogStore.Defaults.Tests", "Tests\LowLevelDesign.Diagnostics.LogStore.Defaults.Tests\LowLevelDesign.Diagnostics.LogStore.Defaults.Tests.csproj", "{3DC7E0FD-41A6-4924-BA85-19D7852513B0}"
EndProject
Project("{FAE04EC0-301F-11D3-BF4B-00C04F79EFBC}") = "LowLevelDesign.Diagnostics.Commons.net35", "LowLevelDesign.Diagnostics.Commons.net35\LowLevelDesign.Diagnostics.Commons.net35.csproj", "{B024E78E-8F26-4196-80A5-126CC66ECFA9}"
EndProject
Global
	GlobalSection(SolutionConfigurationPlatforms) = preSolution
		Debug|Any CPU = Debug|Any CPU
		Release|Any CPU = Release|Any CPU
	EndGlobalSection
	GlobalSection(ProjectConfigurationPlatforms) = postSolution
		{8B589878-B3B7-4C47-8AAF-A3369545ABCC}.Debug|Any CPU.ActiveCfg = Debug|Any CPU
		{8B589878-B3B7-4C47-8AAF-A3369545ABCC}.Debug|Any CPU.Build.0 = Debug|Any CPU
		{8B589878-B3B7-4C47-8AAF-A3369545ABCC}.Release|Any CPU.ActiveCfg = Release|Any CPU
		{8B589878-B3B7-4C47-8AAF-A3369545ABCC}.Release|Any CPU.Build.0 = Release|Any CPU
		{885ABF87-B86B-436D-A787-66CDA246D211}.Debug|Any CPU.ActiveCfg = Debug|Any CPU
		{885ABF87-B86B-436D-A787-66CDA246D211}.Debug|Any CPU.Build.0 = Debug|Any CPU
		{885ABF87-B86B-436D-A787-66CDA246D211}.Release|Any CPU.ActiveCfg = Release|Any CPU
		{885ABF87-B86B-436D-A787-66CDA246D211}.Release|Any CPU.Build.0 = Release|Any CPU
		{EEBC3248-E9C6-4BC3-B46F-BDA8909A190C}.Debug|Any CPU.ActiveCfg = Debug|Any CPU
		{EEBC3248-E9C6-4BC3-B46F-BDA8909A190C}.Debug|Any CPU.Build.0 = Debug|Any CPU
		{EEBC3248-E9C6-4BC3-B46F-BDA8909A190C}.Release|Any CPU.ActiveCfg = Release|Any CPU
		{EEBC3248-E9C6-4BC3-B46F-BDA8909A190C}.Release|Any CPU.Build.0 = Release|Any CPU
		{A1A7454D-6114-4340-819F-416E0D696DDE}.Debug|Any CPU.ActiveCfg = Debug|Any CPU
		{A1A7454D-6114-4340-819F-416E0D696DDE}.Debug|Any CPU.Build.0 = Debug|Any CPU
		{A1A7454D-6114-4340-819F-416E0D696DDE}.Release|Any CPU.ActiveCfg = Release|Any CPU
		{A1A7454D-6114-4340-819F-416E0D696DDE}.Release|Any CPU.Build.0 = Release|Any CPU
		{7AE07CCC-A566-454E-B9BC-DFF3C61EA8BD}.Debug|Any CPU.ActiveCfg = Debug|Any CPU
		{7AE07CCC-A566-454E-B9BC-DFF3C61EA8BD}.Debug|Any CPU.Build.0 = Debug|Any CPU
		{7AE07CCC-A566-454E-B9BC-DFF3C61EA8BD}.Release|Any CPU.ActiveCfg = Release|Any CPU
		{7AE07CCC-A566-454E-B9BC-DFF3C61EA8BD}.Release|Any CPU.Build.0 = Release|Any CPU
		{6F1489DB-0876-4278-ADD2-65086DB6F60A}.Debug|Any CPU.ActiveCfg = Debug|Any CPU
		{6F1489DB-0876-4278-ADD2-65086DB6F60A}.Debug|Any CPU.Build.0 = Debug|Any CPU
		{6F1489DB-0876-4278-ADD2-65086DB6F60A}.Release|Any CPU.ActiveCfg = Release|Any CPU
		{6F1489DB-0876-4278-ADD2-65086DB6F60A}.Release|Any CPU.Build.0 = Release|Any CPU
		{F24B1FEF-B1C3-4036-A131-DB977D4B5E33}.Debug|Any CPU.ActiveCfg = Debug|Any CPU
		{F24B1FEF-B1C3-4036-A131-DB977D4B5E33}.Debug|Any CPU.Build.0 = Debug|Any CPU
		{F24B1FEF-B1C3-4036-A131-DB977D4B5E33}.Release|Any CPU.ActiveCfg = Release|Any CPU
		{F24B1FEF-B1C3-4036-A131-DB977D4B5E33}.Release|Any CPU.Build.0 = Release|Any CPU
		{45BF1E31-A3FA-45A5-A464-61707268A110}.Debug|Any CPU.ActiveCfg = Debug|Any CPU
		{45BF1E31-A3FA-45A5-A464-61707268A110}.Debug|Any CPU.Build.0 = Debug|Any CPU
		{45BF1E31-A3FA-45A5-A464-61707268A110}.Release|Any CPU.ActiveCfg = Release|Any CPU
		{45BF1E31-A3FA-45A5-A464-61707268A110}.Release|Any CPU.Build.0 = Release|Any CPU
		{2C011C05-DA4B-4745-A95A-44447530DAF5}.Debug|Any CPU.ActiveCfg = Debug|Any CPU
		{2C011C05-DA4B-4745-A95A-44447530DAF5}.Debug|Any CPU.Build.0 = Debug|Any CPU
		{2C011C05-DA4B-4745-A95A-44447530DAF5}.Release|Any CPU.ActiveCfg = Release|Any CPU
		{2C011C05-DA4B-4745-A95A-44447530DAF5}.Release|Any CPU.Build.0 = Release|Any CPU
		{A0FF35E0-3969-416D-906A-ACBD94E09A91}.Debug|Any CPU.ActiveCfg = Debug|Any CPU
		{A0FF35E0-3969-416D-906A-ACBD94E09A91}.Debug|Any CPU.Build.0 = Debug|Any CPU
		{A0FF35E0-3969-416D-906A-ACBD94E09A91}.Release|Any CPU.ActiveCfg = Release|Any CPU
		{A0FF35E0-3969-416D-906A-ACBD94E09A91}.Release|Any CPU.Build.0 = Release|Any CPU
		{AF58DE18-7397-44E2-9F1B-544E5A055439}.Debug|Any CPU.ActiveCfg = Debug|Any CPU
		{AF58DE18-7397-44E2-9F1B-544E5A055439}.Debug|Any CPU.Build.0 = Debug|Any CPU
		{AF58DE18-7397-44E2-9F1B-544E5A055439}.Release|Any CPU.ActiveCfg = Release|Any CPU
		{AF58DE18-7397-44E2-9F1B-544E5A055439}.Release|Any CPU.Build.0 = Release|Any CPU
		{301050C2-E774-4D78-96B7-5E712A3F6CF8}.Debug|Any CPU.ActiveCfg = Debug|Any CPU
		{301050C2-E774-4D78-96B7-5E712A3F6CF8}.Debug|Any CPU.Build.0 = Debug|Any CPU
		{301050C2-E774-4D78-96B7-5E712A3F6CF8}.Release|Any CPU.ActiveCfg = Release|Any CPU
		{301050C2-E774-4D78-96B7-5E712A3F6CF8}.Release|Any CPU.Build.0 = Release|Any CPU
		{CFCDFB73-6B60-47E8-8DD1-FA1A0597ED0E}.Debug|Any CPU.ActiveCfg = Debug|Any CPU
		{CFCDFB73-6B60-47E8-8DD1-FA1A0597ED0E}.Debug|Any CPU.Build.0 = Debug|Any CPU
		{CFCDFB73-6B60-47E8-8DD1-FA1A0597ED0E}.Release|Any CPU.ActiveCfg = Release|Any CPU
		{CFCDFB73-6B60-47E8-8DD1-FA1A0597ED0E}.Release|Any CPU.Build.0 = Release|Any CPU
		{91C9B75A-C51A-4EFE-B0AA-AD22F95EEDCE}.Debug|Any CPU.ActiveCfg = Debug|Any CPU
		{91C9B75A-C51A-4EFE-B0AA-AD22F95EEDCE}.Debug|Any CPU.Build.0 = Debug|Any CPU
		{91C9B75A-C51A-4EFE-B0AA-AD22F95EEDCE}.Release|Any CPU.ActiveCfg = Release|Any CPU
		{91C9B75A-C51A-4EFE-B0AA-AD22F95EEDCE}.Release|Any CPU.Build.0 = Release|Any CPU
		{F68F72F7-D341-4252-BBBF-A2FB31FA0DB6}.Debug|Any CPU.ActiveCfg = Debug|Any CPU
		{F68F72F7-D341-4252-BBBF-A2FB31FA0DB6}.Debug|Any CPU.Build.0 = Debug|Any CPU
		{F68F72F7-D341-4252-BBBF-A2FB31FA0DB6}.Release|Any CPU.ActiveCfg = Release|Any CPU
		{F68F72F7-D341-4252-BBBF-A2FB31FA0DB6}.Release|Any CPU.Build.0 = Release|Any CPU
		{2F328F9B-9540-4B42-9FA6-4FE59AF328FA}.Debug|Any CPU.ActiveCfg = Debug|Any CPU
		{2F328F9B-9540-4B42-9FA6-4FE59AF328FA}.Debug|Any CPU.Build.0 = Debug|Any CPU
		{2F328F9B-9540-4B42-9FA6-4FE59AF328FA}.Release|Any CPU.ActiveCfg = Release|Any CPU
		{2F328F9B-9540-4B42-9FA6-4FE59AF328FA}.Release|Any CPU.Build.0 = Release|Any CPU
		{8E8EEEAF-B485-488D-9979-F4FCC6800FA2}.Debug|Any CPU.ActiveCfg = Debug|Any CPU
		{8E8EEEAF-B485-488D-9979-F4FCC6800FA2}.Debug|Any CPU.Build.0 = Debug|Any CPU
		{8E8EEEAF-B485-488D-9979-F4FCC6800FA2}.Release|Any CPU.ActiveCfg = Release|Any CPU
		{8E8EEEAF-B485-488D-9979-F4FCC6800FA2}.Release|Any CPU.Build.0 = Release|Any CPU
		{B36818A4-DD67-442F-A470-FE98E40FA584}.Debug|Any CPU.ActiveCfg = Debug|Any CPU
		{B36818A4-DD67-442F-A470-FE98E40FA584}.Debug|Any CPU.Build.0 = Debug|Any CPU
		{B36818A4-DD67-442F-A470-FE98E40FA584}.Release|Any CPU.ActiveCfg = Release|Any CPU
		{B36818A4-DD67-442F-A470-FE98E40FA584}.Release|Any CPU.Build.0 = Release|Any CPU
		{3413A67B-0152-419B-8959-73E67732FD97}.Debug|Any CPU.ActiveCfg = Debug|Any CPU
		{3413A67B-0152-419B-8959-73E67732FD97}.Debug|Any CPU.Build.0 = Debug|Any CPU
		{3413A67B-0152-419B-8959-73E67732FD97}.Release|Any CPU.ActiveCfg = Release|Any CPU
		{3413A67B-0152-419B-8959-73E67732FD97}.Release|Any CPU.Build.0 = Release|Any CPU
		{3DC7E0FD-41A6-4924-BA85-19D7852513B0}.Debug|Any CPU.ActiveCfg = Debug|Any CPU
		{3DC7E0FD-41A6-4924-BA85-19D7852513B0}.Debug|Any CPU.Build.0 = Debug|Any CPU
		{3DC7E0FD-41A6-4924-BA85-19D7852513B0}.Release|Any CPU.ActiveCfg = Release|Any CPU
		{3DC7E0FD-41A6-4924-BA85-19D7852513B0}.Release|Any CPU.Build.0 = Release|Any CPU
		{B024E78E-8F26-4196-80A5-126CC66ECFA9}.Debug|Any CPU.ActiveCfg = Debug|Any CPU
		{B024E78E-8F26-4196-80A5-126CC66ECFA9}.Debug|Any CPU.Build.0 = Debug|Any CPU
		{B024E78E-8F26-4196-80A5-126CC66ECFA9}.Release|Any CPU.ActiveCfg = Release|Any CPU
		{B024E78E-8F26-4196-80A5-126CC66ECFA9}.Release|Any CPU.Build.0 = Release|Any CPU
	EndGlobalSection
	GlobalSection(SolutionProperties) = preSolution
		HideSolutionNode = FALSE
	EndGlobalSection
	GlobalSection(NestedProjects) = preSolution
		{8B589878-B3B7-4C47-8AAF-A3369545ABCC} = {3F8A9C23-D49F-41DC-A935-F2898E13707B}
		{A1A7454D-6114-4340-819F-416E0D696DDE} = {AF9A1B53-7BA4-4E9B-8ADF-20432D751F20}
		{7AE07CCC-A566-454E-B9BC-DFF3C61EA8BD} = {3F8A9C23-D49F-41DC-A935-F2898E13707B}
		{6F1489DB-0876-4278-ADD2-65086DB6F60A} = {64769AE2-3D05-4035-9A3B-AB96EAB0B1CC}
		{F24B1FEF-B1C3-4036-A131-DB977D4B5E33} = {1FD68A99-5CF6-4CEE-9E5C-E135AC362D25}
		{45BF1E31-A3FA-45A5-A464-61707268A110} = {1FD68A99-5CF6-4CEE-9E5C-E135AC362D25}
		{2C011C05-DA4B-4745-A95A-44447530DAF5} = {64769AE2-3D05-4035-9A3B-AB96EAB0B1CC}
		{A0FF35E0-3969-416D-906A-ACBD94E09A91} = {64769AE2-3D05-4035-9A3B-AB96EAB0B1CC}
		{AF58DE18-7397-44E2-9F1B-544E5A055439} = {64769AE2-3D05-4035-9A3B-AB96EAB0B1CC}
		{301050C2-E774-4D78-96B7-5E712A3F6CF8} = {64769AE2-3D05-4035-9A3B-AB96EAB0B1CC}
		{CFCDFB73-6B60-47E8-8DD1-FA1A0597ED0E} = {64769AE2-3D05-4035-9A3B-AB96EAB0B1CC}
		{91C9B75A-C51A-4EFE-B0AA-AD22F95EEDCE} = {3F8A9C23-D49F-41DC-A935-F2898E13707B}
		{F68F72F7-D341-4252-BBBF-A2FB31FA0DB6} = {3F8A9C23-D49F-41DC-A935-F2898E13707B}
		{2F328F9B-9540-4B42-9FA6-4FE59AF328FA} = {3F8A9C23-D49F-41DC-A935-F2898E13707B}
		{8E8EEEAF-B485-488D-9979-F4FCC6800FA2} = {AF9A1B53-7BA4-4E9B-8ADF-20432D751F20}
		{B36818A4-DD67-442F-A470-FE98E40FA584} = {3F8A9C23-D49F-41DC-A935-F2898E13707B}
		{3413A67B-0152-419B-8959-73E67732FD97} = {AF9A1B53-7BA4-4E9B-8ADF-20432D751F20}
		{3DC7E0FD-41A6-4924-BA85-19D7852513B0} = {3F8A9C23-D49F-41DC-A935-F2898E13707B}
	EndGlobalSection
	GlobalSection(ExtensibilityGlobals) = postSolution
		EnterpriseLibraryConfigurationToolBinariesPath = packages\Unity.2.1.505.0\lib\NET35;packages\Unity.Interception.2.1.505.0\lib\NET35;packages\EnterpriseLibrary.Common.5.0.505.0\lib\NET35;packages\EnterpriseLibrary.Logging.5.0.505.1\lib\NET35
	EndGlobalSection
EndGlobal
